{
  "version": "2",
  "remote": {
    "https://deno.land/std@0.173.0/_util/asserts.ts": "178dfc49a464aee693a7e285567b3d0b555dc805ff490505a8aae34f9cfb1462",
    "https://deno.land/std@0.173.0/_util/os.ts": "d932f56d41e4f6a6093d56044e29ce637f8dcc43c5a90af43504a889cf1775e3",
    "https://deno.land/std@0.173.0/path/_constants.ts": "e49961f6f4f48039c0dfed3c3f93e963ca3d92791c9d478ac5b43183413136e0",
    "https://deno.land/std@0.173.0/path/_interface.ts": "6471159dfbbc357e03882c2266d21ef9afdb1e4aa771b0545e90db58a0ba314b",
    "https://deno.land/std@0.173.0/path/_util.ts": "86c2375a996c1931b2f2ac71fefd5ddf0cf0e579fa4ab12d3e4c552d4223b8d8",
    "https://deno.land/std@0.173.0/path/common.ts": "ee7505ab01fd22de3963b64e46cff31f40de34f9f8de1fff6a1bd2fe79380000",
    "https://deno.land/std@0.173.0/path/glob.ts": "d479e0a695621c94d3fd7fe7abd4f9499caf32a8de13f25073451c6ef420a4e1",
    "https://deno.land/std@0.173.0/path/mod.ts": "4b83694ac500d7d31b0cdafc927080a53dc0c3027eb2895790fb155082b0d232",
    "https://deno.land/std@0.173.0/path/posix.ts": "0874b341c2c6968ca38d323338b8b295ea1dae10fa872a768d812e2e7d634789",
    "https://deno.land/std@0.173.0/path/separator.ts": "0fb679739d0d1d7bf45b68dacfb4ec7563597a902edbaf3c59b50d5bcadd93b1",
    "https://deno.land/std@0.173.0/path/win32.ts": "672942919dd66ce1b8c224e77d3447e2ad8254eaff13fe6946420a9f78fa141e",
    "https://deno.land/std@0.178.0/_util/asserts.ts": "178dfc49a464aee693a7e285567b3d0b555dc805ff490505a8aae34f9cfb1462",
    "https://deno.land/std@0.178.0/_util/os.ts": "d932f56d41e4f6a6093d56044e29ce637f8dcc43c5a90af43504a889cf1775e3",
    "https://deno.land/std@0.178.0/async/abortable.ts": "73acfb3ed7261ce0d930dbe89e43db8d34e017b063cf0eaa7d215477bf53442e",
    "https://deno.land/std@0.178.0/async/deadline.ts": "c5facb0b404eede83e38bd2717ea8ab34faa2ffb20ef87fd261fcba32ba307aa",
    "https://deno.land/std@0.178.0/async/debounce.ts": "adab11d04ca38d699444ac8a9d9856b4155e8dda2afd07ce78276c01ea5a4332",
    "https://deno.land/std@0.178.0/async/deferred.ts": "42790112f36a75a57db4a96d33974a936deb7b04d25c6084a9fa8a49f135def8",
    "https://deno.land/std@0.178.0/async/delay.ts": "73aa04cec034c84fc748c7be49bb15cac3dd43a57174bfdb7a4aec22c248f0dd",
    "https://deno.land/std@0.178.0/async/mod.ts": "f04344fa21738e5ad6bea37a6bfffd57c617c2d372bb9f9dcfd118a1b622e576",
    "https://deno.land/std@0.178.0/async/mux_async_iterator.ts": "70c7f2ee4e9466161350473ad61cac0b9f115cff4c552eaa7ef9d50c4cbb4cc9",
    "https://deno.land/std@0.178.0/async/pool.ts": "fd082bd4aaf26445909889435a5c74334c017847842ec035739b4ae637ae8260",
    "https://deno.land/std@0.178.0/async/retry.ts": "5efa3ba450ac0c07a40a82e2df296287b5013755d232049efd7ea2244f15b20f",
    "https://deno.land/std@0.178.0/async/tee.ts": "47e42d35f622650b02234d43803d0383a89eb4387e1b83b5a40106d18ae36757",
    "https://deno.land/std@0.178.0/crypto/to_hash_string.ts": "fe4e95239d7afb617f469bc2f76ff20f888ddb8d1385e0d92276f6e4d5a809d1",
    "https://deno.land/std@0.178.0/encoding/base64.ts": "7de04c2f8aeeb41453b09b186480be90f2ff357613b988e99fabb91d2eeceba1",
    "https://deno.land/std@0.178.0/encoding/hex.ts": "50f8c95b52eae24395d3dfcb5ec1ced37c5fe7610ef6fffdcc8b0fdc38e3b32f",
    "https://deno.land/std@0.178.0/fs/_util.ts": "65381f341af1ff7f40198cee15c20f59951ac26e51ddc651c5293e24f9ce6f32",
    "https://deno.land/std@0.178.0/fs/walk.ts": "ea95ffa6500c1eda6b365be488c056edc7c883a1db41ef46ec3bf057b1c0fe32",
    "https://deno.land/std@0.178.0/http/http_status.ts": "8a7bcfe3ac025199ad804075385e57f63d055b2aed539d943ccc277616d6f932",
    "https://deno.land/std@0.178.0/http/server.ts": "cbb17b594651215ba95c01a395700684e569c165a567e4e04bba327f41197433",
    "https://deno.land/std@0.178.0/media_types/_db.ts": "7606d83e31f23ce1a7968cbaee852810c2cf477903a095696cdc62eaab7ce570",
    "https://deno.land/std@0.178.0/media_types/_util.ts": "916efbd30b6148a716f110e67a4db29d6949bf4048997b754415dd7e42c52378",
    "https://deno.land/std@0.178.0/media_types/content_type.ts": "c682589a0aeb016bfed355cc1ed6fbb3ead2ea48fc0000ac5de6a5730613ad1c",
    "https://deno.land/std@0.178.0/media_types/extension.ts": "7a4ef2813d7182f724a941f38161525996e4a67abc3cf6a0f9bc2168d73a0f0e",
    "https://deno.land/std@0.178.0/media_types/extensions_by_type.ts": "4358023feac696e6e9d49c0f1e76a859f03ca254df57812f31f8536890c3a443",
    "https://deno.land/std@0.178.0/media_types/format_media_type.ts": "1e35e16562e5c417401ffc388a9f8f421f97f0ee06259cbe990c51bae4e6c7a8",
    "https://deno.land/std@0.178.0/media_types/get_charset.ts": "8be15a1fd31a545736b91ace56d0e4c66ea0d7b3fdc5c90760e8202e7b4b1fad",
    "https://deno.land/std@0.178.0/media_types/mod.ts": "d3f0b99f85053bc0b98ecc24eaa3546dfa09b856dc0bbaf60d8956d2cdd710c8",
    "https://deno.land/std@0.178.0/media_types/parse_media_type.ts": "bed260d868ea271445ae41d748e7afed9b5a7f407d2777ead08cecf73e9278de",
    "https://deno.land/std@0.178.0/media_types/type_by_extension.ts": "6076a7fc63181d70f92ec582fdea2c927eb2cfc7f9c9bee9d6add2aca86f2355",
    "https://deno.land/std@0.178.0/media_types/vendor/mime-db.v1.52.0.ts": "6925bbcae81ca37241e3f55908d0505724358cda3384eaea707773b2c7e99586",
    "https://deno.land/std@0.178.0/path/_constants.ts": "e49961f6f4f48039c0dfed3c3f93e963ca3d92791c9d478ac5b43183413136e0",
    "https://deno.land/std@0.178.0/path/_interface.ts": "6471159dfbbc357e03882c2266d21ef9afdb1e4aa771b0545e90db58a0ba314b",
    "https://deno.land/std@0.178.0/path/_util.ts": "d7abb1e0dea065f427b89156e28cdeb32b045870acdf865833ba808a73b576d0",
    "https://deno.land/std@0.178.0/path/common.ts": "ee7505ab01fd22de3963b64e46cff31f40de34f9f8de1fff6a1bd2fe79380000",
    "https://deno.land/std@0.178.0/path/glob.ts": "d479e0a695621c94d3fd7fe7abd4f9499caf32a8de13f25073451c6ef420a4e1",
    "https://deno.land/std@0.178.0/path/mod.ts": "4b83694ac500d7d31b0cdafc927080a53dc0c3027eb2895790fb155082b0d232",
    "https://deno.land/std@0.178.0/path/posix.ts": "8b7c67ac338714b30c816079303d0285dd24af6b284f7ad63da5b27372a2c94d",
    "https://deno.land/std@0.178.0/path/separator.ts": "0fb679739d0d1d7bf45b68dacfb4ec7563597a902edbaf3c59b50d5bcadd93b1",
    "https://deno.land/std@0.178.0/path/win32.ts": "d186344e5583bcbf8b18af416d13d82b35a317116e6460a5a3953508c3de5bba",
    "https://deno.land/std@0.185.0/_util/asserts.ts": "178dfc49a464aee693a7e285567b3d0b555dc805ff490505a8aae34f9cfb1462",
    "https://deno.land/std@0.185.0/_util/os.ts": "d932f56d41e4f6a6093d56044e29ce637f8dcc43c5a90af43504a889cf1775e3",
    "https://deno.land/std@0.185.0/jsonc/mod.ts": "b88dce28eb3645667caa856538ae2fe87af51410822544a0b45a4177ef3bd7dd",
    "https://deno.land/std@0.185.0/jsonc/parse.ts": "2910e33bc7c3b243e3b6f3a39ce4d6ca84337b277a8df6f2ad2d9e4adbcddc08",
    "https://deno.land/std@0.185.0/path/_constants.ts": "e49961f6f4f48039c0dfed3c3f93e963ca3d92791c9d478ac5b43183413136e0",
    "https://deno.land/std@0.185.0/path/_interface.ts": "6471159dfbbc357e03882c2266d21ef9afdb1e4aa771b0545e90db58a0ba314b",
    "https://deno.land/std@0.185.0/path/_util.ts": "d7abb1e0dea065f427b89156e28cdeb32b045870acdf865833ba808a73b576d0",
    "https://deno.land/std@0.185.0/path/common.ts": "ee7505ab01fd22de3963b64e46cff31f40de34f9f8de1fff6a1bd2fe79380000",
    "https://deno.land/std@0.185.0/path/glob.ts": "d479e0a695621c94d3fd7fe7abd4f9499caf32a8de13f25073451c6ef420a4e1",
    "https://deno.land/std@0.185.0/path/mod.ts": "bf718f19a4fdd545aee1b06409ca0805bd1b68ecf876605ce632e932fe54510c",
    "https://deno.land/std@0.185.0/path/posix.ts": "8b7c67ac338714b30c816079303d0285dd24af6b284f7ad63da5b27372a2c94d",
    "https://deno.land/std@0.185.0/path/separator.ts": "0fb679739d0d1d7bf45b68dacfb4ec7563597a902edbaf3c59b50d5bcadd93b1",
    "https://deno.land/std@0.185.0/path/win32.ts": "d186344e5583bcbf8b18af416d13d82b35a317116e6460a5a3953508c3de5bba",
    "https://deno.land/std@0.190.0/_util/asserts.ts": "178dfc49a464aee693a7e285567b3d0b555dc805ff490505a8aae34f9cfb1462",
    "https://deno.land/std@0.190.0/_util/os.ts": "d932f56d41e4f6a6093d56044e29ce637f8dcc43c5a90af43504a889cf1775e3",
    "https://deno.land/std@0.190.0/path/_constants.ts": "e49961f6f4f48039c0dfed3c3f93e963ca3d92791c9d478ac5b43183413136e0",
    "https://deno.land/std@0.190.0/path/_interface.ts": "6471159dfbbc357e03882c2266d21ef9afdb1e4aa771b0545e90db58a0ba314b",
    "https://deno.land/std@0.190.0/path/_util.ts": "d7abb1e0dea065f427b89156e28cdeb32b045870acdf865833ba808a73b576d0",
    "https://deno.land/std@0.190.0/path/common.ts": "ee7505ab01fd22de3963b64e46cff31f40de34f9f8de1fff6a1bd2fe79380000",
    "https://deno.land/std@0.190.0/path/glob.ts": "d479e0a695621c94d3fd7fe7abd4f9499caf32a8de13f25073451c6ef420a4e1",
    "https://deno.land/std@0.190.0/path/mod.ts": "ee161baec5ded6510ee1d1fb6a75a0f5e4b41f3f3301c92c716ecbdf7dae910d",
    "https://deno.land/std@0.190.0/path/posix.ts": "8b7c67ac338714b30c816079303d0285dd24af6b284f7ad63da5b27372a2c94d",
    "https://deno.land/std@0.190.0/path/separator.ts": "0fb679739d0d1d7bf45b68dacfb4ec7563597a902edbaf3c59b50d5bcadd93b1",
    "https://deno.land/std@0.190.0/path/win32.ts": "d186344e5583bcbf8b18af416d13d82b35a317116e6460a5a3953508c3de5bba",
    "https://deno.land/x/denoflate@1.2.1/mod.ts": "f5628e44b80b3d80ed525afa2ba0f12408e3849db817d47a883b801f9ce69dd6",
    "https://deno.land/x/denoflate@1.2.1/pkg/denoflate.js": "b9f9ad9457d3f12f28b1fb35c555f57443427f74decb403113d67364e4f2caf4",
    "https://deno.land/x/denoflate@1.2.1/pkg/denoflate_bg.wasm.js": "d581956245407a2115a3d7e8d85a9641c032940a8e810acbd59ca86afd34d44d",
    "https://deno.land/x/esbuild@v0.17.11/mod.js": "4f4e61964a551d9c0baf5bb19e973cf631cf8c66ddaf01e70070f8a100fc938c",
    "https://deno.land/x/esbuild@v0.17.11/wasm.js": "4030e7b50941ec6e06704c6b5f1f6416cc0f7f35f63daf63f184b728bea79a30",
    "https://deno.land/x/esbuild@v0.17.19/wasm.js": "3cf3edb879f867945fff95a975e380ce67b9917c7a498e5df16b1c18b2343526",
    "https://deno.land/x/esbuild@v0.18.16/wasm.js": "9efa70523bc6946287df717c8ceca4ef816cabfb5fbab6d96cb7146df645fc6e",
    "https://deno.land/x/esbuild_deno_loader@0.7.0/deps.ts": "1c312cea080df5e550f6adc00d97f42ac9b6f514988a8e07e839c68a4634f296",
    "https://deno.land/x/esbuild_deno_loader@0.7.0/mod.ts": "ebf6726cf3bb9d1a992bddb99a9acb628d376cad4a1c48452345366fdc53e60c",
    "https://deno.land/x/esbuild_deno_loader@0.7.0/src/deno.ts": "88bc896666e5290ce31d7fe98a7c1b67e9c68f8b8bcdf89ad4a983bbd841a458",
    "https://deno.land/x/esbuild_deno_loader@0.7.0/src/loader_native.ts": "495f73abe07bc07738396536e494e1e63d09b01cb38e9b5e34fbdda6da662ba8",
    "https://deno.land/x/esbuild_deno_loader@0.7.0/src/loader_portable.ts": "036c1ff6300e3a78f6e6355bde92eb28c6f3b84439d0969262022283f0f40559",
    "https://deno.land/x/esbuild_deno_loader@0.7.0/src/plugin_deno_loader.ts": "fe9c4f231cec7ad759c7f4b5e2e15205fc2e245b6c8bfd6a12dec6df30648b55",
    "https://deno.land/x/esbuild_deno_loader@0.7.0/src/plugin_deno_resolver.ts": "bfa1a38d4edd6a75b363fee2163039a8525eaba37c76955070069186c7a2cddb",
    "https://deno.land/x/esbuild_deno_loader@0.7.0/src/shared.ts": "7233a824b8357836bfa62975f78ab602442a0d880411c32ead8859035abd9d63",
    "https://deno.land/x/fresh@1.1.6/src/runtime/csp.ts": "9ee900e9b0b786057b1009da5976298c202d1b86d1f1e4d2510bde5f06530ac9",
    "https://deno.land/x/fresh@1.1.6/src/runtime/head.ts": "0f9932874497ab6e57ed1ba01d549e843523df4a5d36ef97460e7a43e3132fdc",
    "https://deno.land/x/fresh@1.1.6/src/runtime/utils.ts": "8320a874a44bdd5905c7d4b87a0e7a14a6c50a2ed133800e72ae57341e4d4faa",
    "https://deno.land/x/fresh@1.1.6/src/server/constants.ts": "9708458032582b57b1a211437503c79089b3d656b9a48e6bbd210fe2ea33a126",
    "https://deno.land/x/fresh@1.1.6/src/server/deps.ts": "05a0fa7acc38d5a2c95e9c534f0d310a070aa8fd6e4985573c22e13212c83a75",
    "https://deno.land/x/fresh@1.1.6/src/server/htmlescape.ts": "834ac7d0caa9fc38dffd9b8613fb47aeecd4f22d5d70c51d4b20a310c085835c",
    "https://deno.land/x/fresh@1.1.6/src/server/render.ts": "6f50707bd1f6e33ed84bb71ae3b0996d202b953cefc4285f5356524c7b21f01f",
    "https://deno.land/x/fresh@1.1.6/src/server/router.ts": "5d3fb08a00cf2302d7ab783cc30b84cfe71ca0fc8f8b68299e65d3ef275984d8",
    "https://deno.land/x/fresh@1.1.6/src/server/types.ts": "425df48b913d981beaf30c891655e856861f1f74145d0761891851fcdf0ed99f",
    "https://deno.land/x/importmap@0.2.1/_util.ts": "ada9a9618b537e6c0316c048a898352396c882b9f2de38aba18fd3f2950ede89",
    "https://deno.land/x/importmap@0.2.1/mod.ts": "ae3d1cd7eabd18c01a4960d57db471126b020f23b37ef14e1359bbb949227ade",
    "https://deno.land/x/pipe@0.3.0/mod.ts": "fc7380fb65603ce8111b5d40522a4675cc51654ea1272980923b262893eb4e5e",
    "https://deno.land/x/rutt@0.1.0/mod.ts": "4662ad4f687740ac612b779ed4c62eecebd718b56d24a07f719ec3b24464c139",
    "https://deno.land/x/scripted@0.0.3/mod.ts": "eff80d72f1e3bbdfc644a1d34c355f2da5eb0076c1077b8a8307a333a503d3b1",
    "https://esm.sh/*preact@10.16.0/compat?target=es2022&deps=preact/hooks": "5c2b1801553021e53e354fc9c9d2a72d17ff2a1b326e134a88654b04bb10e8ac",
    "https://esm.sh/*preact@10.16.0/hooks?target=es2022": "01f61930350f971349954c9bb637ff96926470e355927230b41b0deb3b11f9f0",
    "https://esm.sh/*preact@10.16.0/jsx-runtime.js?target=es2022": "e41310a5cd767118045030adf45b6ab67dd7565d167e453c8209c3857c08e031",
    "https://esm.sh/clsx@2.0.0": "556865053dfbf730c839e8caeeff6c51ffd4b29c7eaddedc1fb0e1b2aae159f7",
    "https://esm.sh/preact-render-to-string@6.2.0?target=es2022&deps=preact@10.16.0": "f98284a9584384707f670271c2c33bc9e9ccddea89086d0f8180e2976d18cd8a",
    "https://esm.sh/preact@10.16.0/debug": "f1202e5b8a12348a4b9d694ef6256071198332a8b03045f947ec2f3e4885f4a9",
    "https://esm.sh/preact@10.16.0/debug?target=es2022&deps=preact@10.16.0": "0b99211123fe897f1ce8abfe4bd5605d8d970aeda6ad507ad27817c301943554",
    "https://esm.sh/preact@10.16.0?target=es2022": "4b26e5762ac520c02a20dd648f424ecaf1c4959b23bb3b0ad9a575e2025ea180",
    "https://esm.sh/react-dom@18.2.0/client": "206e0bbe968211d58610037326f1cbd796f36a88d2e22b0f68c25b94c58d216b",
    "https://esm.sh/react-dom@18.2.0/client?dev": "74c5b135cf1c453d1f4a4325bc3c114f752567a6983407fdcec9306848fd642a",
    "https://esm.sh/react-dom@18.2.0/server": "6d8f8e1793f0837cba64417f935910da199a2d75f404661c87f32aa075cbc677",
    "https://esm.sh/react-dom@18.2.0/server?dev": "954206001b5358e60cba876c9eb8be818a0871ceecaee207c1931b49a66c0537",
    "https://esm.sh/react-dom@18.2.0?dev": "b01b88bde2ec9a0f63e3721d1cb841e40f43057da556aa2e8d88f17280622521",
    "https://esm.sh/react@18.2.0": "84aa07282d2f3c843f7d56daeae0be41ceae768391c4418f7358dd64e8fe4eca",
    "https://esm.sh/react@18.2.0/jsx-runtime": "8e5e22ae56773ef989a95772b9b9f6d4e5d7891f2d20875c25e51015df018f7c",
    "https://esm.sh/react@18.2.0?dev": "20a29b08171987a0138aaa58ef99378755c94bc93de8ac21a5b4d4516c0a8474",
    "https://esm.sh/stable/preact@10.16.0/X-ZS8q/es2022/compat.js": "b3d265e97dbcf528bebde23cc1a3d9bc106c6aef705c3a4c3c3d5623d205d208",
    "https://esm.sh/stable/preact@10.16.0/X-ZS8q/es2022/hooks.js": "ef4e0f33b9fe591852b90accb3c98a3582350d3f008e08f18d229060ce6dec83",
    "https://esm.sh/stable/preact@10.16.0/X-ZS8q/es2022/jsx-runtime.js": "00ccdc9043c191df58bacd052403f9c354a25daee78e83d57fa19739e5c3a1e7",
    "https://esm.sh/stable/preact@10.16.0/denonext/debug.js": "f7916e14eb4ee8ac2bb69cc874c66237d5126db4d1e2605c9a8bcaf2b9895687",
    "https://esm.sh/stable/preact@10.16.0/denonext/devtools.js": "9ef1c7ee95808d039b19239a668b54e85060ba56d2f93aa7b7f97d89562984b7",
    "https://esm.sh/stable/preact@10.16.0/denonext/preact.mjs": "01dc8bdf124926c611c0711081b9c162cf2735cccad7c2bc9914766f633ddb1d",
    "https://esm.sh/stable/preact@10.16.0/es2022/debug.js": "e29d1b1136bacaa432c55e10325c33a8114ba437cc14d55d195b48d2acdd1249",
    "https://esm.sh/stable/preact@10.16.0/es2022/devtools.js": "8eacff3c64c00bb4b4c83a98b3fe16ca4ac278c56f511f201e4e3a5e132ebf17",
    "https://esm.sh/stable/preact@10.16.0/es2022/preact.mjs": "0e231caa4c8544395b37a5a500affb74709ef4a357dc2278eca12a54abcfd47a",
    "https://esm.sh/stable/react@18.2.0/deno/jsx-runtime.js": "4f0af3ce145cdcac00e75bea66889f321aa1d0c63714ae71986a6540f881fe04",
    "https://esm.sh/stable/react@18.2.0/deno/react.development.mjs": "e53b0a2dd592fd67dc3ac062bfa2b66c8a9ea746afcc458e3731d80bf3a52c9a",
    "https://esm.sh/stable/react@18.2.0/deno/react.js": "806868069cfdb815e028419cf07ebc7a7bcba7f9e31dec9e3a045b9f8e82c1ed",
    "https://esm.sh/stable/react@18.2.0/denonext/react.development.mjs": "88729b33eccbea2c09894f07459f32911777721a3b50fd32151182e82c4351e2",
    "https://esm.sh/to-readable-stream@4.0.0": "1aef24233a35cae4c21ffe0fbbeea5658d89260e89100ff872d8591be95f80e6",
    "https://esm.sh/v102/react-dom@18.2.0/deno/client.js": "7da527271991eb84fa3f7edfc1b1b5f16139e9db3becd3b3d47d4a56672dc0df",
    "https://esm.sh/v102/react-dom@18.2.0/deno/server.js": "ba341a4e1e32f3f6403536e1e89d701b7a660e7010983f853158ed08adeab322",
    "https://esm.sh/v102/scheduler@0.23.0/deno/scheduler.js": "e4355fcf0c67d9e5010459286284b321a9b8c2cfe6042ff136247a8698d40cf4",
    "https://esm.sh/v119/react-dom@18.2.0/deno/client.development.js": "da1f55bba5eec9e370b952eb780e1fee2e989a7c5cc408db99725a48592dfcf9",
    "https://esm.sh/v119/react-dom@18.2.0/deno/react-dom.development.mjs": "ac5ed431143512843656d9d6b4842c90f9d612dd682044f9da11a4fb2f7ab3ac",
    "https://esm.sh/v119/react-dom@18.2.0/deno/server.development.js": "13fac8daa4cdc9f2b110f96e7610c1b14519fecd93e31bacfcf326eb55215d3b",
    "https://esm.sh/v119/scheduler@0.23.0/deno/scheduler.development.mjs": "4946d311b9ae057a3bfd149624d855dfcd370d035696c444a242022e035119f4",
    "https://esm.sh/v125/to-readable-stream@4.0.0/denonext/to-readable-stream.mjs": "944f11db6eab14f8e8c0209de07dc757ba1394bebba1bb46b02af07dcf447553",
    "https://esm.sh/v128/clsx@2.0.0/denonext/clsx.mjs": "22bc9172d20c3760ff044850988890c5298a28f114423535958fe7a0185b15d9",
    "https://esm.sh/v128/preact-render-to-string@6.2.0/X-ZC9wcmVhY3RAMTAuMTYuMA/es2022/preact-render-to-string.mjs": "380e90f034724d268cc0abd36e489d6ac8be8e7f31728c6ddb767e5adce83b43",
    "https://esm.sh/v129/react-dom@18.2.0/denonext/react-dom.development.mjs": "2153a5945a5ac99e38dc45f80e66e24025090813116c790544620c7be201eb32",
    "https://esm.sh/v129/scheduler@0.23.0/denonext/scheduler.development.mjs": "34c1ba81e50c9c58e24de51551a8617592b1e99b192394bbd68f5957ea8e52bb",
    "https://raw.githubusercontent.com/lucacasonato/esbuild_deno_loader/8031f71afa1bbcd3237a94b11f53a2e5c5c0e7bf/deps.ts": "b7248e5b750be62613a9417f407e65ed43726d83b11f9631d6dbb58634bbd7d1",
    "https://raw.githubusercontent.com/lucacasonato/esbuild_deno_loader/8031f71afa1bbcd3237a94b11f53a2e5c5c0e7bf/mod.ts": "3e507379372361162f93325a216b86f6098defb5bb60144555b507bca26d061f",
    "https://raw.githubusercontent.com/lucacasonato/esbuild_deno_loader/8031f71afa1bbcd3237a94b11f53a2e5c5c0e7bf/src/deno.ts": "71bee6b14e72ca193c0686d8b4f1f47d639a64745b6f5c7576f7a3616f436f57",
    "https://raw.githubusercontent.com/lucacasonato/esbuild_deno_loader/8031f71afa1bbcd3237a94b11f53a2e5c5c0e7bf/src/native_loader.ts": "2a0f5a7b68a57c4651ad48161b32532356b434597a6cf282683427482b38f6fa",
    "https://raw.githubusercontent.com/lucacasonato/esbuild_deno_loader/8031f71afa1bbcd3237a94b11f53a2e5c5c0e7bf/src/portable_loader.ts": "47adb6d9a00f13a87d0a15f2af79118eb93503234008c31392d71270bc0a42fa",
    "https://raw.githubusercontent.com/lucacasonato/esbuild_deno_loader/8031f71afa1bbcd3237a94b11f53a2e5c5c0e7bf/src/shared.ts": "007e8d575cb6ebcac4110f1f72188a8bec3aa29287b4ad26e98403c00bebf036"
  }
}
